
Microsoft Visual Studio Solution File, Format Version 12.00
# Visual Studio Version 16
VisualStudioVersion = 16.0.28803.156
MinimumVisualStudioVersion = 15.0.26730.03
Project("{2150E333-8FDC-42A3-9474-1A3956D46DE8}") = "Layer 1", "Layer 1", "{DBB74469-50EF-4C64-AA80-7FC24CD8D9D1}"
EndProject
Project("{2150E333-8FDC-42A3-9474-1A3956D46DE8}") = "Layer 2", "Layer 2", "{F4EFB6DB-A339-4E88-A84A-000CECA0B61C}"
EndProject
Project("{2150E333-8FDC-42A3-9474-1A3956D46DE8}") = "Layer 3", "Layer 3", "{E7E87C3A-7645-43B2-BB44-C72BC51E022B}"
EndProject
Project("{2150E333-8FDC-42A3-9474-1A3956D46DE8}") = "Layer 4", "Layer 4", "{3F9364C1-107E-4429-B5F3-9497E359DF18}"
EndProject
Project("{2150E333-8FDC-42A3-9474-1A3956D46DE8}") = "Data Access Layer", "Data Access Layer", "{36173410-1959-43D2-943E-72AAA6C48E8F}"
EndProject
Project("{2150E333-8FDC-42A3-9474-1A3956D46DE8}") = "Business Layer", "Business Layer", "{7F251646-8FD0-417C-BEDE-06CE67F12D3F}"
EndProject
Project("{2150E333-8FDC-42A3-9474-1A3956D46DE8}") = "Business Factories", "Business Factories", "{700C3614-7BC3-4BD2-A24A-75D77FB4C06C}"
EndProject
Project("{2150E333-8FDC-42A3-9474-1A3956D46DE8}") = "Business Implementations", "Business Implementations", "{46A3579D-5C2C-4EEA-9A00-4AF288073754}"
EndProject
Project("{2150E333-8FDC-42A3-9474-1A3956D46DE8}") = "Business Interfaces", "Business Interfaces", "{9F1EA68B-68A7-4624-BF78-9D3B228C5540}"
EndProject
Project("{2150E333-8FDC-42A3-9474-1A3956D46DE8}") = "Service Layer", "Service Layer", "{86F02EC7-8F10-4C80-8733-A70B828FFD6F}"
EndProject
Project("{2150E333-8FDC-42A3-9474-1A3956D46DE8}") = "Contracts", "Contracts", "{B72339BB-C6A8-4C17-B55A-0B297E6C054D}"
EndProject
Project("{2150E333-8FDC-42A3-9474-1A3956D46DE8}") = "Data", "Data", "{45EBB663-0831-410A-BA9E-84D1C20B431C}"
EndProject
Project("{2150E333-8FDC-42A3-9474-1A3956D46DE8}") = "Hosting", "Hosting", "{8E5AAFE9-84FE-4556-85C0-962CA237FC8F}"
EndProject
Project("{2150E333-8FDC-42A3-9474-1A3956D46DE8}") = "Faults", "Faults", "{F447E3AC-D262-49D8-96FA-D68803AF5DB5}"
EndProject
Project("{2150E333-8FDC-42A3-9474-1A3956D46DE8}") = "Services", "Services", "{B666CC1B-3687-442F-BF1B-2B67503741BC}"
EndProject
Project("{2150E333-8FDC-42A3-9474-1A3956D46DE8}") = "Implementations", "Implementations", "{64AABCDF-D7CA-4EFE-A432-225452C8FC7D}"
EndProject
Project("{2150E333-8FDC-42A3-9474-1A3956D46DE8}") = "Proxies", "Proxies", "{41DAB7AC-47F5-43ED-A6B7-78686A25A424}"
EndProject
Project("{2150E333-8FDC-42A3-9474-1A3956D46DE8}") = "Presentation Layer", "Presentation Layer", "{1C2BF453-9FA3-4810-A43B-FF5A986274F0}"
EndProject
Project("{2150E333-8FDC-42A3-9474-1A3956D46DE8}") = "Tests", "Tests", "{26CD79BC-AF01-4077-BC98-F7210953E7E3}"
EndProject
Project("{2150E333-8FDC-42A3-9474-1A3956D46DE8}") = "Tests", "Tests", "{71132ADA-7FEE-4BB3-9B6F-BC62F11E8041}"
EndProject
Project("{FAE04EC0-301F-11D3-BF4B-00C04F79EFBC}") = "Kotacs.Libraries.SOA.Contracts.Data", "Kotacs.Libraries.SOA.Contracts.Data\Kotacs.Libraries.SOA.Contracts.Data.csproj", "{83F00224-E220-4F3C-A876-DB57662FB5DE}"
EndProject
Project("{FAE04EC0-301F-11D3-BF4B-00C04F79EFBC}") = "Kotacs.Libraries.DAL.OrderSystem", "Kotacs.Libraries.DAL.OrderSystem\Kotacs.Libraries.DAL.OrderSystem.csproj", "{6A96D68C-933F-4578-B0CA-7859AC4DAE66}"
EndProject
Project("{E24C65DC-7377-472B-9ABA-BC803B73C61A}") = "OrderSystemServices", "http://localhost:2006", "{0FC889B8-DBF7-4C80-93C0-19B333B4CF4E}"
	ProjectSection(WebsiteProperties) = preProject
		UseIISExpress = "true"
		TargetFrameworkMoniker = ".NETFramework,Version%3Dv4.0"
		ProjectReferences = "{84d88b6b-f3c8-4e0b-8054-d4c355452324}|Kotacs.Libraries.SOA.Impl.dll;{7D049FEA-4D2A-421E-BA41-C2D36288EAA7}|Kotacs.Libraries.Business.Factories.dll;{A3FAD5CC-5A79-487D-A293-1D9B1A1DB6DC}|Kotacs.Libraries.Business.Impl.dll;{92B4EC70-5733-4270-99CC-366D57BA37D8}|Kotacs.Libraries.Business.Interfaces.dll;{83F00224-E220-4F3C-A876-DB57662FB5DE}|Kotacs.Libraries.SOA.Contracts.Data.dll;{6A96D68C-933F-4578-B0CA-7859AC4DAE66}|Kotacs.Libraries.DAL.OrderSystem.dll;{2577BCB6-79F3-44E9-9061-0A2F959B758E}|Kotacs.Libraries.SOA.Contracts.Faults.dll;{B8B2C06D-3EA1-4E8D-BA03-76233FB9BE86}|Kotacs.Libraries.SOA.Contracts.Services.dll;"
		Debug.AspNetCompiler.VirtualPath = "/localhost_2006"
		Debug.AspNetCompiler.PhysicalPath = "Kotacs.Applications.Hosting.Services\OrderSystemServices\"
		Debug.AspNetCompiler.TargetPath = "PrecompiledWeb\localhost_2006\"
		Debug.AspNetCompiler.Updateable = "true"
		Debug.AspNetCompiler.ForceOverwrite = "true"
		Debug.AspNetCompiler.FixedNames = "false"
		Debug.AspNetCompiler.Debug = "True"
		Release.AspNetCompiler.VirtualPath = "/localhost_2006"
		Release.AspNetCompiler.PhysicalPath = "Kotacs.Applications.Hosting.Services\OrderSystemServices\"
		Release.AspNetCompiler.TargetPath = "PrecompiledWeb\localhost_2006\"
		Release.AspNetCompiler.Updateable = "true"
		Release.AspNetCompiler.ForceOverwrite = "true"
		Release.AspNetCompiler.FixedNames = "false"
		Release.AspNetCompiler.Debug = "False"
		SlnRelativePath = "Kotacs.Applications.Hosting.Services\OrderSystemServices\"
		DefaultWebSiteLanguage = "Visual C#"
	EndProjectSection
EndProject
Project("{FAE04EC0-301F-11D3-BF4B-00C04F79EFBC}") = "Kotacs.Libraries.Business.Interfaces", "Kotacs.Libraries.Business.Interfaces\Kotacs.Libraries.Business.Interfaces.csproj", "{92B4EC70-5733-4270-99CC-366D57BA37D8}"
EndProject
Project("{FAE04EC0-301F-11D3-BF4B-00C04F79EFBC}") = "Kotacs.Libraries.Business.Impl", "Kotacs.Libraries.Business.Impl\Kotacs.Libraries.Business.Impl.csproj", "{A3FAD5CC-5A79-487D-A293-1D9B1A1DB6DC}"
EndProject
Project("{FAE04EC0-301F-11D3-BF4B-00C04F79EFBC}") = "Kotacs.Libraries.Business.Factories", "Kotacs.Libraries.Business.Factories\Kotacs.Libraries.Business.Factories.csproj", "{7D049FEA-4D2A-421E-BA41-C2D36288EAA7}"
EndProject
Project("{FAE04EC0-301F-11D3-BF4B-00C04F79EFBC}") = "Kotacs.Libraries.SOA.Contracts.Faults", "Kotacs.Libraries.SOA.Contracts.Faults\Kotacs.Libraries.SOA.Contracts.Faults.csproj", "{2577BCB6-79F3-44E9-9061-0A2F959B758E}"
EndProject
Project("{FAE04EC0-301F-11D3-BF4B-00C04F79EFBC}") = "Kotacs.Libraries.SOA.Contracts.Services", "Kotacs.Libraries.SOA.Contracts.Services\Kotacs.Libraries.SOA.Contracts.Services.csproj", "{B8B2C06D-3EA1-4E8D-BA03-76233FB9BE86}"
EndProject
Project("{FAE04EC0-301F-11D3-BF4B-00C04F79EFBC}") = "Kotacs.Libraries.SOA.Impl", "Kotacs.Libraries.SOA.Impl\Kotacs.Libraries.SOA.Impl.csproj", "{84D88B6B-F3C8-4E0B-8054-D4C355452324}"
EndProject
Project("{FAE04EC0-301F-11D3-BF4B-00C04F79EFBC}") = "Kotacs.Libraries.SOA.Proxies", "Kotacs.Libraries.SOA.Proxies\Kotacs.Libraries.SOA.Proxies.csproj", "{BF1F4A01-8E8C-4315-B3E4-95C8CCCF6131}"
EndProject
Project("{FAE04EC0-301F-11D3-BF4B-00C04F79EFBC}") = "ServiceProxyTesting", "ServiceProxyTesting\ServiceProxyTesting.csproj", "{5AFD77FA-9B59-4346-AC10-E3DA047D4E1E}"
EndProject
Project("{FAE04EC0-301F-11D3-BF4B-00C04F79EFBC}") = "OrderSystemWeb", "OrderSystemWeb\OrderSystemWeb.csproj", "{B94044AD-7C7A-4861-B0E9-AFB3C643106C}"
EndProject
Project("{FAE04EC0-301F-11D3-BF4B-00C04F79EFBC}") = "Kotacs.Libraries.Web.Charts.Interfaces", "Kotacs.Libraries.Web.Charts.Interfaces\Kotacs.Libraries.Web.Charts.Interfaces.csproj", "{2E31215B-E65D-4D8B-8FC7-C017FC3F85C0}"
EndProject
Project("{FAE04EC0-301F-11D3-BF4B-00C04F79EFBC}") = "Kotacs.Libraries.Web.Charts.Impl", "Kotacs.Libraries.Web.Charts.Impl\Kotacs.Libraries.Web.Charts.Impl.csproj", "{F445D09B-5177-4692-B1BC-4651771CD3FC}"
EndProject
Project("{FAE04EC0-301F-11D3-BF4B-00C04F79EFBC}") = "Kotacs.Libraries.Web.Extensibility", "Kotacs.Libraries.Web.Extensibility\Kotacs.Libraries.Web.Extensibility.csproj", "{81EA259A-BD53-41D8-88EB-F624E819DA83}"
EndProject
Project("{FAE04EC0-301F-11D3-BF4B-00C04F79EFBC}") = "OrderSystemWebTest", "OrderSystemWebTest\OrderSystemWebTest.csproj", "{A9B45C17-C9FA-467B-AC09-CA921FD576B9}"
EndProject
Project("{FAE04EC0-301F-11D3-BF4B-00C04F79EFBC}") = "Sample", "Sample\Sample.csproj", "{F653A77E-9D30-4433-BBCA-6BE82DB1E79E}"
EndProject
Project("{FAE04EC0-301F-11D3-BF4B-00C04F79EFBC}") = "Kotacs.Libraries.Utility", "Kotacs.Libraries.Utility\Kotacs.Libraries.Utility.csproj", "{7275C97B-D942-4350-9C8E-1E546E10153F}"
EndProject
Project("{FAE04EC0-301F-11D3-BF4B-00C04F79EFBC}") = "Kotacs.Libraries.Common", "Kotacs.Libraries.Common\Kotacs.Libraries.Common.csproj", "{913A71F6-0A4D-4D5F-8CFC-776651265C18}"
EndProject
Global
	GlobalSection(SolutionConfigurationPlatforms) = preSolution
		Debug|Any CPU = Debug|Any CPU
		Debug1|Any CPU = Debug1|Any CPU
		Release|Any CPU = Release|Any CPU
	EndGlobalSection
	GlobalSection(ProjectConfigurationPlatforms) = postSolution
		{83F00224-E220-4F3C-A876-DB57662FB5DE}.Debug|Any CPU.ActiveCfg = Debug|Any CPU
		{83F00224-E220-4F3C-A876-DB57662FB5DE}.Debug|Any CPU.Build.0 = Debug|Any CPU
		{83F00224-E220-4F3C-A876-DB57662FB5DE}.Debug1|Any CPU.ActiveCfg = Debug|Any CPU
		{83F00224-E220-4F3C-A876-DB57662FB5DE}.Debug1|Any CPU.Build.0 = Debug|Any CPU
		{83F00224-E220-4F3C-A876-DB57662FB5DE}.Release|Any CPU.ActiveCfg = Release|Any CPU
		{83F00224-E220-4F3C-A876-DB57662FB5DE}.Release|Any CPU.Build.0 = Release|Any CPU
		{6A96D68C-933F-4578-B0CA-7859AC4DAE66}.Debug|Any CPU.ActiveCfg = Debug|Any CPU
		{6A96D68C-933F-4578-B0CA-7859AC4DAE66}.Debug|Any CPU.Build.0 = Debug|Any CPU
		{6A96D68C-933F-4578-B0CA-7859AC4DAE66}.Debug1|Any CPU.ActiveCfg = Debug|Any CPU
		{6A96D68C-933F-4578-B0CA-7859AC4DAE66}.Debug1|Any CPU.Build.0 = Debug|Any CPU
		{6A96D68C-933F-4578-B0CA-7859AC4DAE66}.Release|Any CPU.ActiveCfg = Release|Any CPU
		{6A96D68C-933F-4578-B0CA-7859AC4DAE66}.Release|Any CPU.Build.0 = Release|Any CPU
		{0FC889B8-DBF7-4C80-93C0-19B333B4CF4E}.Debug|Any CPU.ActiveCfg = Debug|Any CPU
		{0FC889B8-DBF7-4C80-93C0-19B333B4CF4E}.Debug|Any CPU.Build.0 = Debug|Any CPU
		{0FC889B8-DBF7-4C80-93C0-19B333B4CF4E}.Debug1|Any CPU.ActiveCfg = Debug|Any CPU
		{0FC889B8-DBF7-4C80-93C0-19B333B4CF4E}.Debug1|Any CPU.Build.0 = Debug|Any CPU
		{0FC889B8-DBF7-4C80-93C0-19B333B4CF4E}.Release|Any CPU.ActiveCfg = Debug|Any CPU
		{0FC889B8-DBF7-4C80-93C0-19B333B4CF4E}.Release|Any CPU.Build.0 = Debug|Any CPU
		{92B4EC70-5733-4270-99CC-366D57BA37D8}.Debug|Any CPU.ActiveCfg = Debug|Any CPU
		{92B4EC70-5733-4270-99CC-366D57BA37D8}.Debug|Any CPU.Build.0 = Debug|Any CPU
		{92B4EC70-5733-4270-99CC-366D57BA37D8}.Debug1|Any CPU.ActiveCfg = Debug|Any CPU
		{92B4EC70-5733-4270-99CC-366D57BA37D8}.Debug1|Any CPU.Build.0 = Debug|Any CPU
		{92B4EC70-5733-4270-99CC-366D57BA37D8}.Release|Any CPU.ActiveCfg = Release|Any CPU
		{92B4EC70-5733-4270-99CC-366D57BA37D8}.Release|Any CPU.Build.0 = Release|Any CPU
		{A3FAD5CC-5A79-487D-A293-1D9B1A1DB6DC}.Debug|Any CPU.ActiveCfg = Debug|Any CPU
		{A3FAD5CC-5A79-487D-A293-1D9B1A1DB6DC}.Debug|Any CPU.Build.0 = Debug|Any CPU
		{A3FAD5CC-5A79-487D-A293-1D9B1A1DB6DC}.Debug1|Any CPU.ActiveCfg = Debug|Any CPU
		{A3FAD5CC-5A79-487D-A293-1D9B1A1DB6DC}.Debug1|Any CPU.Build.0 = Debug|Any CPU
		{A3FAD5CC-5A79-487D-A293-1D9B1A1DB6DC}.Release|Any CPU.ActiveCfg = Release|Any CPU
		{A3FAD5CC-5A79-487D-A293-1D9B1A1DB6DC}.Release|Any CPU.Build.0 = Release|Any CPU
		{7D049FEA-4D2A-421E-BA41-C2D36288EAA7}.Debug|Any CPU.ActiveCfg = Debug|Any CPU
		{7D049FEA-4D2A-421E-BA41-C2D36288EAA7}.Debug|Any CPU.Build.0 = Debug|Any CPU
		{7D049FEA-4D2A-421E-BA41-C2D36288EAA7}.Debug1|Any CPU.ActiveCfg = Debug|Any CPU
		{7D049FEA-4D2A-421E-BA41-C2D36288EAA7}.Debug1|Any CPU.Build.0 = Debug|Any CPU
		{7D049FEA-4D2A-421E-BA41-C2D36288EAA7}.Release|Any CPU.ActiveCfg = Release|Any CPU
		{7D049FEA-4D2A-421E-BA41-C2D36288EAA7}.Release|Any CPU.Build.0 = Release|Any CPU
		{2577BCB6-79F3-44E9-9061-0A2F959B758E}.Debug|Any CPU.ActiveCfg = Debug|Any CPU
		{2577BCB6-79F3-44E9-9061-0A2F959B758E}.Debug|Any CPU.Build.0 = Debug|Any CPU
		{2577BCB6-79F3-44E9-9061-0A2F959B758E}.Debug1|Any CPU.ActiveCfg = Debug|Any CPU
		{2577BCB6-79F3-44E9-9061-0A2F959B758E}.Debug1|Any CPU.Build.0 = Debug|Any CPU
		{2577BCB6-79F3-44E9-9061-0A2F959B758E}.Release|Any CPU.ActiveCfg = Release|Any CPU
		{2577BCB6-79F3-44E9-9061-0A2F959B758E}.Release|Any CPU.Build.0 = Release|Any CPU
		{B8B2C06D-3EA1-4E8D-BA03-76233FB9BE86}.Debug|Any CPU.ActiveCfg = Debug|Any CPU
		{B8B2C06D-3EA1-4E8D-BA03-76233FB9BE86}.Debug|Any CPU.Build.0 = Debug|Any CPU
		{B8B2C06D-3EA1-4E8D-BA03-76233FB9BE86}.Debug1|Any CPU.ActiveCfg = Debug|Any CPU
		{B8B2C06D-3EA1-4E8D-BA03-76233FB9BE86}.Debug1|Any CPU.Build.0 = Debug|Any CPU
		{B8B2C06D-3EA1-4E8D-BA03-76233FB9BE86}.Release|Any CPU.ActiveCfg = Release|Any CPU
		{B8B2C06D-3EA1-4E8D-BA03-76233FB9BE86}.Release|Any CPU.Build.0 = Release|Any CPU
		{84D88B6B-F3C8-4E0B-8054-D4C355452324}.Debug|Any CPU.ActiveCfg = Debug|Any CPU
		{84D88B6B-F3C8-4E0B-8054-D4C355452324}.Debug|Any CPU.Build.0 = Debug|Any CPU
		{84D88B6B-F3C8-4E0B-8054-D4C355452324}.Debug1|Any CPU.ActiveCfg = Debug|Any CPU
		{84D88B6B-F3C8-4E0B-8054-D4C355452324}.Debug1|Any CPU.Build.0 = Debug|Any CPU
		{84D88B6B-F3C8-4E0B-8054-D4C355452324}.Release|Any CPU.ActiveCfg = Release|Any CPU
		{84D88B6B-F3C8-4E0B-8054-D4C355452324}.Release|Any CPU.Build.0 = Release|Any CPU
		{BF1F4A01-8E8C-4315-B3E4-95C8CCCF6131}.Debug|Any CPU.ActiveCfg = Debug|Any CPU
		{BF1F4A01-8E8C-4315-B3E4-95C8CCCF6131}.Debug|Any CPU.Build.0 = Debug|Any CPU
		{BF1F4A01-8E8C-4315-B3E4-95C8CCCF6131}.Debug1|Any CPU.ActiveCfg = Debug|Any CPU
		{BF1F4A01-8E8C-4315-B3E4-95C8CCCF6131}.Debug1|Any CPU.Build.0 = Debug|Any CPU
		{BF1F4A01-8E8C-4315-B3E4-95C8CCCF6131}.Release|Any CPU.ActiveCfg = Release|Any CPU
		{BF1F4A01-8E8C-4315-B3E4-95C8CCCF6131}.Release|Any CPU.Build.0 = Release|Any CPU
		{5AFD77FA-9B59-4346-AC10-E3DA047D4E1E}.Debug|Any CPU.ActiveCfg = Debug|Any CPU
		{5AFD77FA-9B59-4346-AC10-E3DA047D4E1E}.Debug|Any CPU.Build.0 = Debug|Any CPU
		{5AFD77FA-9B59-4346-AC10-E3DA047D4E1E}.Debug1|Any CPU.ActiveCfg = Debug|Any CPU
		{5AFD77FA-9B59-4346-AC10-E3DA047D4E1E}.Debug1|Any CPU.Build.0 = Debug|Any CPU
		{5AFD77FA-9B59-4346-AC10-E3DA047D4E1E}.Release|Any CPU.ActiveCfg = Release|Any CPU
		{5AFD77FA-9B59-4346-AC10-E3DA047D4E1E}.Release|Any CPU.Build.0 = Release|Any CPU
		{B94044AD-7C7A-4861-B0E9-AFB3C643106C}.Debug|Any CPU.ActiveCfg = Debug|Any CPU
		{B94044AD-7C7A-4861-B0E9-AFB3C643106C}.Debug|Any CPU.Build.0 = Debug|Any CPU
		{B94044AD-7C7A-4861-B0E9-AFB3C643106C}.Debug1|Any CPU.ActiveCfg = Debug|Any CPU
		{B94044AD-7C7A-4861-B0E9-AFB3C643106C}.Debug1|Any CPU.Build.0 = Debug|Any CPU
		{B94044AD-7C7A-4861-B0E9-AFB3C643106C}.Release|Any CPU.ActiveCfg = Release|Any CPU
		{B94044AD-7C7A-4861-B0E9-AFB3C643106C}.Release|Any CPU.Build.0 = Release|Any CPU
		{2E31215B-E65D-4D8B-8FC7-C017FC3F85C0}.Debug|Any CPU.ActiveCfg = Debug|Any CPU
		{2E31215B-E65D-4D8B-8FC7-C017FC3F85C0}.Debug|Any CPU.Build.0 = Debug|Any CPU
		{2E31215B-E65D-4D8B-8FC7-C017FC3F85C0}.Debug1|Any CPU.ActiveCfg = Debug|Any CPU
		{2E31215B-E65D-4D8B-8FC7-C017FC3F85C0}.Debug1|Any CPU.Build.0 = Debug|Any CPU
		{2E31215B-E65D-4D8B-8FC7-C017FC3F85C0}.Release|Any CPU.ActiveCfg = Release|Any CPU
		{2E31215B-E65D-4D8B-8FC7-C017FC3F85C0}.Release|Any CPU.Build.0 = Release|Any CPU
		{F445D09B-5177-4692-B1BC-4651771CD3FC}.Debug|Any CPU.ActiveCfg = Debug|Any CPU
		{F445D09B-5177-4692-B1BC-4651771CD3FC}.Debug|Any CPU.Build.0 = Debug|Any CPU
		{F445D09B-5177-4692-B1BC-4651771CD3FC}.Debug1|Any CPU.ActiveCfg = Debug|Any CPU
		{F445D09B-5177-4692-B1BC-4651771CD3FC}.Debug1|Any CPU.Build.0 = Debug|Any CPU
		{F445D09B-5177-4692-B1BC-4651771CD3FC}.Release|Any CPU.ActiveCfg = Release|Any CPU
		{F445D09B-5177-4692-B1BC-4651771CD3FC}.Release|Any CPU.Build.0 = Release|Any CPU
		{81EA259A-BD53-41D8-88EB-F624E819DA83}.Debug|Any CPU.ActiveCfg = Debug|Any CPU
		{81EA259A-BD53-41D8-88EB-F624E819DA83}.Debug|Any CPU.Build.0 = Debug|Any CPU
		{81EA259A-BD53-41D8-88EB-F624E819DA83}.Debug1|Any CPU.ActiveCfg = Debug|Any CPU
		{81EA259A-BD53-41D8-88EB-F624E819DA83}.Debug1|Any CPU.Build.0 = Debug|Any CPU
		{81EA259A-BD53-41D8-88EB-F624E819DA83}.Release|Any CPU.ActiveCfg = Release|Any CPU
		{81EA259A-BD53-41D8-88EB-F624E819DA83}.Release|Any CPU.Build.0 = Release|Any CPU
		{A9B45C17-C9FA-467B-AC09-CA921FD576B9}.Debug|Any CPU.ActiveCfg = Debug|Any CPU
		{A9B45C17-C9FA-467B-AC09-CA921FD576B9}.Debug|Any CPU.Build.0 = Debug|Any CPU
		{A9B45C17-C9FA-467B-AC09-CA921FD576B9}.Debug1|Any CPU.ActiveCfg = Debug|Any CPU
		{A9B45C17-C9FA-467B-AC09-CA921FD576B9}.Debug1|Any CPU.Build.0 = Debug|Any CPU
		{A9B45C17-C9FA-467B-AC09-CA921FD576B9}.Release|Any CPU.ActiveCfg = Release|Any CPU
		{A9B45C17-C9FA-467B-AC09-CA921FD576B9}.Release|Any CPU.Build.0 = Release|Any CPU
		{F653A77E-9D30-4433-BBCA-6BE82DB1E79E}.Debug|Any CPU.ActiveCfg = Debug|Any CPU
		{F653A77E-9D30-4433-BBCA-6BE82DB1E79E}.Debug|Any CPU.Build.0 = Debug|Any CPU
		{F653A77E-9D30-4433-BBCA-6BE82DB1E79E}.Debug1|Any CPU.ActiveCfg = Debug|Any CPU
		{F653A77E-9D30-4433-BBCA-6BE82DB1E79E}.Debug1|Any CPU.Build.0 = Debug|Any CPU
		{F653A77E-9D30-4433-BBCA-6BE82DB1E79E}.Release|Any CPU.ActiveCfg = Release|Any CPU
		{F653A77E-9D30-4433-BBCA-6BE82DB1E79E}.Release|Any CPU.Build.0 = Release|Any CPU
		{7275C97B-D942-4350-9C8E-1E546E10153F}.Debug|Any CPU.ActiveCfg = Debug|Any CPU
		{7275C97B-D942-4350-9C8E-1E546E10153F}.Debug|Any CPU.Build.0 = Debug|Any CPU
		{7275C97B-D942-4350-9C8E-1E546E10153F}.Debug1|Any CPU.ActiveCfg = Debug|Any CPU
		{7275C97B-D942-4350-9C8E-1E546E10153F}.Debug1|Any CPU.Build.0 = Debug|Any CPU
		{7275C97B-D942-4350-9C8E-1E546E10153F}.Release|Any CPU.ActiveCfg = Release|Any CPU
		{7275C97B-D942-4350-9C8E-1E546E10153F}.Release|Any CPU.Build.0 = Release|Any CPU
		{913A71F6-0A4D-4D5F-8CFC-776651265C18}.Debug|Any CPU.ActiveCfg = Debug|Any CPU
		{913A71F6-0A4D-4D5F-8CFC-776651265C18}.Debug|Any CPU.Build.0 = Debug|Any CPU
		{913A71F6-0A4D-4D5F-8CFC-776651265C18}.Debug1|Any CPU.ActiveCfg = Debug|Any CPU
		{913A71F6-0A4D-4D5F-8CFC-776651265C18}.Debug1|Any CPU.Build.0 = Debug|Any CPU
		{913A71F6-0A4D-4D5F-8CFC-776651265C18}.Release|Any CPU.ActiveCfg = Release|Any CPU
		{913A71F6-0A4D-4D5F-8CFC-776651265C18}.Release|Any CPU.Build.0 = Release|Any CPU
	EndGlobalSection
	GlobalSection(SolutionProperties) = preSolution
		HideSolutionNode = FALSE
	EndGlobalSection
	GlobalSection(NestedProjects) = preSolution
		{36173410-1959-43D2-943E-72AAA6C48E8F} = {DBB74469-50EF-4C64-AA80-7FC24CD8D9D1}
		{7F251646-8FD0-417C-BEDE-06CE67F12D3F} = {F4EFB6DB-A339-4E88-A84A-000CECA0B61C}
		{700C3614-7BC3-4BD2-A24A-75D77FB4C06C} = {7F251646-8FD0-417C-BEDE-06CE67F12D3F}
		{46A3579D-5C2C-4EEA-9A00-4AF288073754} = {7F251646-8FD0-417C-BEDE-06CE67F12D3F}
		{9F1EA68B-68A7-4624-BF78-9D3B228C5540} = {7F251646-8FD0-417C-BEDE-06CE67F12D3F}
		{86F02EC7-8F10-4C80-8733-A70B828FFD6F} = {E7E87C3A-7645-43B2-BB44-C72BC51E022B}
		{B72339BB-C6A8-4C17-B55A-0B297E6C054D} = {86F02EC7-8F10-4C80-8733-A70B828FFD6F}
		{45EBB663-0831-410A-BA9E-84D1C20B431C} = {B72339BB-C6A8-4C17-B55A-0B297E6C054D}
		{8E5AAFE9-84FE-4556-85C0-962CA237FC8F} = {86F02EC7-8F10-4C80-8733-A70B828FFD6F}
		{F447E3AC-D262-49D8-96FA-D68803AF5DB5} = {B72339BB-C6A8-4C17-B55A-0B297E6C054D}
		{B666CC1B-3687-442F-BF1B-2B67503741BC} = {B72339BB-C6A8-4C17-B55A-0B297E6C054D}
		{64AABCDF-D7CA-4EFE-A432-225452C8FC7D} = {86F02EC7-8F10-4C80-8733-A70B828FFD6F}
		{41DAB7AC-47F5-43ED-A6B7-78686A25A424} = {86F02EC7-8F10-4C80-8733-A70B828FFD6F}
		{1C2BF453-9FA3-4810-A43B-FF5A986274F0} = {3F9364C1-107E-4429-B5F3-9497E359DF18}
		{26CD79BC-AF01-4077-BC98-F7210953E7E3} = {86F02EC7-8F10-4C80-8733-A70B828FFD6F}
		{71132ADA-7FEE-4BB3-9B6F-BC62F11E8041} = {1C2BF453-9FA3-4810-A43B-FF5A986274F0}
		{83F00224-E220-4F3C-A876-DB57662FB5DE} = {45EBB663-0831-410A-BA9E-84D1C20B431C}
		{6A96D68C-933F-4578-B0CA-7859AC4DAE66} = {36173410-1959-43D2-943E-72AAA6C48E8F}
		{0FC889B8-DBF7-4C80-93C0-19B333B4CF4E} = {8E5AAFE9-84FE-4556-85C0-962CA237FC8F}
		{92B4EC70-5733-4270-99CC-366D57BA37D8} = {9F1EA68B-68A7-4624-BF78-9D3B228C5540}
		{A3FAD5CC-5A79-487D-A293-1D9B1A1DB6DC} = {46A3579D-5C2C-4EEA-9A00-4AF288073754}
		{7D049FEA-4D2A-421E-BA41-C2D36288EAA7} = {700C3614-7BC3-4BD2-A24A-75D77FB4C06C}
		{2577BCB6-79F3-44E9-9061-0A2F959B758E} = {F447E3AC-D262-49D8-96FA-D68803AF5DB5}
		{B8B2C06D-3EA1-4E8D-BA03-76233FB9BE86} = {B666CC1B-3687-442F-BF1B-2B67503741BC}
		{84D88B6B-F3C8-4E0B-8054-D4C355452324} = {64AABCDF-D7CA-4EFE-A432-225452C8FC7D}
		{BF1F4A01-8E8C-4315-B3E4-95C8CCCF6131} = {41DAB7AC-47F5-43ED-A6B7-78686A25A424}
		{5AFD77FA-9B59-4346-AC10-E3DA047D4E1E} = {26CD79BC-AF01-4077-BC98-F7210953E7E3}
		{B94044AD-7C7A-4861-B0E9-AFB3C643106C} = {1C2BF453-9FA3-4810-A43B-FF5A986274F0}
		{2E31215B-E65D-4D8B-8FC7-C017FC3F85C0} = {1C2BF453-9FA3-4810-A43B-FF5A986274F0}
		{F445D09B-5177-4692-B1BC-4651771CD3FC} = {1C2BF453-9FA3-4810-A43B-FF5A986274F0}
		{81EA259A-BD53-41D8-88EB-F624E819DA83} = {1C2BF453-9FA3-4810-A43B-FF5A986274F0}
		{A9B45C17-C9FA-467B-AC09-CA921FD576B9} = {71132ADA-7FEE-4BB3-9B6F-BC62F11E8041}
		{7275C97B-D942-4350-9C8E-1E546E10153F} = {36173410-1959-43D2-943E-72AAA6C48E8F}
		{913A71F6-0A4D-4D5F-8CFC-776651265C18} = {36173410-1959-43D2-943E-72AAA6C48E8F}
	EndGlobalSection
	GlobalSection(ExtensibilityGlobals) = postSolution
		EnterpriseLibraryConfigurationToolBinariesPathV6 = packages\EnterpriseLibrary.Common.6.0.1304.0\lib\NET45;packages\EnterpriseLibrary.Logging.6.0.1304.0\lib\NET45
		SolutionGuid = {ED2BFCCB-A59F-4E13-A799-EB078DC46260}
	EndGlobalSection
EndGlobal
